
Microsoft Visual Studio Solution File, Format Version 12.00
Project("{FAE04EC0-301F-11D3-BF4B-00C04F79EFBC}") = "ChristmasLight.Tests", "ChristmasLight.Tests\ChristmasLight.Tests.csproj", "{A14BB73A-79A5-49A4-A5A5-00A8FDEC9FCE}"
EndProject
Project("{FAE04EC0-301F-11D3-BF4B-00C04F79EFBC}") = "ChristmasLights", "ChristmasLights\ChristmasLights.csproj", "{4234A08C-31E8-4FF8-8D2E-6283832BB3D0}"
EndProject
Global
	GlobalSection(SolutionConfigurationPlatforms) = preSolution
		Debug|Any CPU = Debug|Any CPU
		Release|Any CPU = Release|Any CPU
	EndGlobalSection
	GlobalSection(ProjectConfigurationPlatforms) = postSolution
		{A14BB73A-79A5-49A4-A5A5-00A8FDEC9FCE}.Debug|Any CPU.ActiveCfg = Debug|Any CPU
		{A14BB73A-79A5-49A4-A5A5-00A8FDEC9FCE}.Debug|Any CPU.Build.0 = Debug|Any CPU
		{A14BB73A-79A5-49A4-A5A5-00A8FDEC9FCE}.Release|Any CPU.ActiveCfg = Release|Any CPU
		{A14BB73A-79A5-49A4-A5A5-00A8FDEC9FCE}.Release|Any CPU.Build.0 = Release|Any CPU
		{4234A08C-31E8-4FF8-8D2E-6283832BB3D0}.Debug|Any CPU.ActiveCfg = Debug|Any CPU
		{4234A08C-31E8-4FF8-8D2E-6283832BB3D0}.Debug|Any CPU.Build.0 = Debug|Any CPU
		{4234A08C-31E8-4FF8-8D2E-6283832BB3D0}.Release|Any CPU.ActiveCfg = Release|Any CPU
		{4234A08C-31E8-4FF8-8D2E-6283832BB3D0}.Release|Any CPU.Build.0 = Release|Any CPU
	EndGlobalSection
EndGlobal
